
Microsoft Visual Studio Solution File, Format Version 12.00
# Visual Studio 15
VisualStudioVersion = 15.0.26403.0
MinimumVisualStudioVersion = 10.0.40219.1
Project("{FAE04EC0-301F-11D3-BF4B-00C04F79EFBC}") = "CountCoins.Tests", "CountCoins.Tests\CountCoins.Tests.csproj", "{EDB41178-E15B-459F-B163-99711EE12352}"
EndProject
Project("{FAE04EC0-301F-11D3-BF4B-00C04F79EFBC}") = "CountCoins", "CountCoins\CountCoins.csproj", "{BAEAECD1-21D9-4EDB-ADFC-0BB95B577AE6}"
EndProject
Global
	GlobalSection(SolutionConfigurationPlatforms) = preSolution
		Debug|Any CPU = Debug|Any CPU
		Release|Any CPU = Release|Any CPU
	EndGlobalSection
	GlobalSection(ProjectConfigurationPlatforms) = postSolution
		{EDB41178-E15B-459F-B163-99711EE12352}.Debug|Any CPU.ActiveCfg = Debug|Any CPU
		{EDB41178-E15B-459F-B163-99711EE12352}.Debug|Any CPU.Build.0 = Debug|Any CPU
		{EDB41178-E15B-459F-B163-99711EE12352}.Release|Any CPU.ActiveCfg = Release|Any CPU
		{EDB41178-E15B-459F-B163-99711EE12352}.Release|Any CPU.Build.0 = Release|Any CPU
		{BAEAECD1-21D9-4EDB-ADFC-0BB95B577AE6}.Debug|Any CPU.ActiveCfg = Debug|Any CPU
		{BAEAECD1-21D9-4EDB-ADFC-0BB95B577AE6}.Debug|Any CPU.Build.0 = Debug|Any CPU
		{BAEAECD1-21D9-4EDB-ADFC-0BB95B577AE6}.Release|Any CPU.ActiveCfg = Release|Any CPU
		{BAEAECD1-21D9-4EDB-ADFC-0BB95B577AE6}.Release|Any CPU.Build.0 = Release|Any CPU
	EndGlobalSection
	GlobalSection(SolutionProperties) = preSolution
		HideSolutionNode = FALSE
	EndGlobalSection
EndGlobal
